// !$*UTF8*$!
{
	archiveVersion = 1;
	classes = {
	};
	objectVersion = 46;
	objects = {

/* Begin PBXBuildFile section */
		2E0860DE1D33374F00F57937 /* AppDelegate.swift in Sources */ = {isa = PBXBuildFile; fileRef = 2E0860DD1D33374F00F57937 /* AppDelegate.swift */; };
		2E0860E01D33374F00F57937 /* ViewController.swift in Sources */ = {isa = PBXBuildFile; fileRef = 2E0860DF1D33374F00F57937 /* ViewController.swift */; };
		2E0860E31D33374F00F57937 /* Main.storyboard in Resources */ = {isa = PBXBuildFile; fileRef = 2E0860E11D33374F00F57937 /* Main.storyboard */; };
		2E0860E51D33374F00F57937 /* Assets.xcassets in Resources */ = {isa = PBXBuildFile; fileRef = 2E0860E41D33374F00F57937 /* Assets.xcassets */; };
		2E0860E81D33374F00F57937 /* LaunchScreen.storyboard in Resources */ = {isa = PBXBuildFile; fileRef = 2E0860E61D33374F00F57937 /* LaunchScreen.storyboard */; };
		2E0860F01D33376800F57937 /* CLLazy.swift in Sources */ = {isa = PBXBuildFile; fileRef = 2E0860EF1D33376800F57937 /* CLLazy.swift */; };
		2E0860F21D3340B200F57937 /* RootViewController.swift in Sources */ = {isa = PBXBuildFile; fileRef = 2E0860F11D3340B200F57937 /* RootViewController.swift */; };
/* End PBXBuildFile section */

/* Begin PBXFileReference section */
		2E0860DA1D33374F00F57937 /* Lazy.app */ = {isa = PBXFileReference; explicitFileType = wrapper.application; includeInIndex = 0; path = Lazy.app; sourceTree = BUILT_PRODUCTS_DIR; };
		2E0860DD1D33374F00F57937 /* AppDelegate.swift */ = {isa = PBXFileReference; lastKnownFileType = sourcecode.swift; path = AppDelegate.swift; sourceTree = "<group>"; };
		2E0860DF1D33374F00F57937 /* ViewController.swift */ = {isa = PBXFileReference; lastKnownFileType = sourcecode.swift; path = ViewController.swift; sourceTree = "<group>"; };
		2E0860E21D33374F00F57937 /* Base */ = {isa = PBXFileReference; lastKnownFileType = file.storyboard; name = Base; path = Base.lproj/Main.storyboard; sourceTree = "<group>"; };
		2E0860E41D33374F00F57937 /* Assets.xcassets */ = {isa = PBXFileReference; lastKnownFileType = folder.assetcatalog; path = Assets.xcassets; sourceTree = "<group>"; };
		2E0860E71D33374F00F57937 /* Base */ = {isa = PBXFileReference; lastKnownFileType = file.storyboard; name = Base; path = Base.lproj/LaunchScreen.storyboard; sourceTree = "<group>"; };
		2E0860E91D33374F00F57937 /* Info.plist */ = {isa = PBXFileReference; lastKnownFileType = text.plist.xml; path = Info.plist; sourceTree = "<group>"; };
		2E0860EF1D33376800F57937 /* CLLazy.swift */ = {isa = PBXFileReference; fileEncoding = 4; lastKnownFileType = sourcecode.swift; path = CLLazy.swift; sourceTree = "<group>"; };
		2E0860F11D3340B200F57937 /* RootViewController.swift */ = {isa = PBXFileReference; fileEncoding = 4; lastKnownFileType = sourcecode.swift; path = RootViewController.swift; sourceTree = "<group>"; };
/* End PBXFileReference section */

/* Begin PBXFrameworksBuildPhase section */
		2E0860D71D33374F00F57937 /* Frameworks */ = {
			isa = PBXFrameworksBuildPhase;
			buildActionMask = 2147483647;
			files = (
			);
			runOnlyForDeploymentPostprocessing = 0;
		};
/* End PBXFrameworksBuildPhase section */

/* Begin PBXGroup section */
		2E0860D11D33374F00F57937 = {
			isa = PBXGroup;
			children = (
				2E0860DC1D33374F00F57937 /* Lazy */,
				2E0860DB1D33374F00F57937 /* Products */,
			);
			sourceTree = "<group>";
		};
		2E0860DB1D33374F00F57937 /* Products */ = {
			isa = PBXGroup;
			children = (
				2E0860DA1D33374F00F57937 /* Lazy.app */,
			);
			name = Products;
			sourceTree = "<group>";
		};
		2E0860DC1D33374F00F57937 /* Lazy */ = {
			isa = PBXGroup;
			children = (
				2E0860DD1D33374F00F57937 /* AppDelegate.swift */,
				2E0860DF1D33374F00F57937 /* ViewController.swift */,
				2E0860E11D33374F00F57937 /* Main.storyboard */,
				2E0860E41D33374F00F57937 /* Assets.xcassets */,
				2E0860E61D33374F00F57937 /* LaunchScreen.storyboard */,
				2E0860E91D33374F00F57937 /* Info.plist */,
				2E0860EF1D33376800F57937 /* CLLazy.swift */,
				2E0860F11D3340B200F57937 /* RootViewController.swift */,
			);
			path = Lazy;
			sourceTree = "<group>";
		};
/* End PBXGroup section */

/* Begin PBXNativeTarget section */
		2E0860D91D33374F00F57937 /* Lazy */ = {
			isa = PBXNativeTarget;
			buildConfigurationList = 2E0860EC1D33374F00F57937 /* Build configuration list for PBXNativeTarget "Lazy" */;
			buildPhases = (
				2E0860D61D33374F00F57937 /* Sources */,
				2E0860D71D33374F00F57937 /* Frameworks */,
				2E0860D81D33374F00F57937 /* Resources */,
			);
			buildRules = (
			);
			dependencies = (
			);
			name = Lazy;
			productName = Lazy;
			productReference = 2E0860DA1D33374F00F57937 /* Lazy.app */;
			productType = "com.apple.product-type.application";
		};
/* End PBXNativeTarget section */

/* Begin PBXProject section */
		2E0860D21D33374F00F57937 /* Project object */ = {
			isa = PBXProject;
			attributes = {
				LastSwiftUpdateCheck = 0730;
				LastUpgradeCheck = 0730;
				ORGANIZATIONNAME = huanxin;
				TargetAttributes = {
					2E0860D91D33374F00F57937 = {
						CreatedOnToolsVersion = 7.3.1;
						DevelopmentTeam = 54B56XXLVZ;
					};
				};
			};
			buildConfigurationList = 2E0860D51D33374F00F57937 /* Build configuration list for PBXProject "Lazy" */;
			compatibilityVersion = "Xcode 3.2";
			developmentRegion = English;
			hasScannedForEncodings = 0;
			knownRegions = (
				en,
				Base,
			);
			mainGroup = 2E0860D11D33374F00F57937;
			productRefGroup = 2E0860DB1D33374F00F57937 /* Products */;
			projectDirPath = "";
			projectRoot = "";
			targets = (
				2E0860D91D33374F00F57937 /* Lazy */,
			);
		};
/* End PBXProject section */

/* Begin PBXResourcesBuildPhase section */
		2E0860D81D33374F00F57937 /* Resources */ = {
			isa = PBXResourcesBuildPhase;
			buildActionMask = 2147483647;
			files = (
				2E0860E81D33374F00F57937 /* LaunchScreen.storyboard in Resources */,
				2E0860E51D33374F00F57937 /* Assets.xcassets in Resources */,
				2E0860E31D33374F00F57937 /* Main.storyboard in Resources */,
			);
			runOnlyForDeploymentPostprocessing = 0;
		};
/* End PBXResourcesBuildPhase section */

/* Begin PBXSourcesBuildPhase section */
		2E0860D61D33374F00F57937 /* Sources */ = {
			isa = PBXSourcesBuildPhase;
			buildActionMask = 2147483647;
			files = (
				2E0860F01D33376800F57937 /* CLLazy.swift in Sources */,
				2E0860E01D33374F00F57937 /* ViewController.swift in Sources */,
				2E0860F21D3340B200F57937 /* RootViewController.swift in Sources */,
				2E0860DE1D33374F00F57937 /* AppDelegate.swift in Sources */,
			);
			runOnlyForDeploymentPostprocessing = 0;
		};
/* End PBXSourcesBuildPhase section */

/* Begin PBXVariantGroup section */
		2E0860E11D33374F00F57937 /* Main.storyboard */ = {
			isa = PBXVariantGroup;
			children = (
				2E0860E21D33374F00F57937 /* Base */,
			);
			name = Main.storyboard;
			sourceTree = "<group>";
		};
		2E0860E61D33374F00F57937 /* LaunchScreen.storyboard */ = {
			isa = PBXVariantGroup;
			children = (
				2E0860E71D33374F00F57937 /* Base */,
			);
			name = LaunchScreen.storyboard;
			sourceTree = "<group>";
		};
/* End PBXVariantGroup section */

/* Begin XCBuildConfiguration section */
		2E0860EA1D33374F00F57937 /* Debug */ = {
			isa = XCBuildConfiguration;
			buildSettings = {
				ALWAYS_SEARCH_USER_PATHS = NO;
				CLANG_ANALYZER_NONNULL = YES;
				CLANG_CXX_LANGUAGE_STANDARD = "gnu++0x";
				CLANG_CXX_LIBRARY = "libc++";
				CLANG_ENABLE_MODULES = YES;
				CLANG_ENABLE_OBJC_ARC = YES;
				CLANG_WARN_BOOL_CONVERSION = YES;
				CLANG_WARN_CONSTANT_CONVERSION = YES;
				CLANG_WARN_DIRECT_OBJC_ISA_USAGE = YES_ERROR;
				CLANG_WARN_EMPTY_BODY = YES;
				CLANG_WARN_ENUM_CONVERSION = YES;
				CLANG_WARN_INT_CONVERSION = YES;
				CLANG_WARN_OBJC_ROOT_CLASS = YES_ERROR;
				CLANG_WARN_UNREACHABLE_CODE = YES;
				CLANG_WARN__DUPLICATE_METHOD_MATCH = YES;
				"CODE_SIGN_IDENTITY[sdk=iphoneos*]" = "iPhone Developer";
				COPY_PHASE_STRIP = NO;
				DEBUG_INFORMATION_FORMAT = dwarf;
				ENABLE_STRICT_OBJC_MSGSEND = YES;
				ENABLE_TESTABILITY = YES;
				GCC_C_LANGUAGE_STANDARD = gnu99;
				GCC_DYNAMIC_NO_PIC = NO;
				GCC_NO_COMMON_BLOCKS = YES;
				GCC_OPTIMIZATION_LEVEL = 0;
				GCC_PREPROCESSOR_DEFINITIONS = (
					"DEBUG=1",
					"$(inherited)",
				);
				GCC_WARN_64_TO_32_BIT_CONVERSION = YES;
				GCC_WARN_ABOUT_RETURN_TYPE = YES_ERROR;
				GCC_WARN_UNDECLARED_SELECTOR = YES;
				GCC_WARN_UNINITIALIZED_AUTOS = YES_AGGRESSIVE;
				GCC_WARN_UNUSED_FUNCTION = YES;
				GCC_WARN_UNUSED_VARIABLE = YES;
				IPHONEOS_DEPLOYMENT_TARGET = 9.3;
				MTL_ENABLE_DEBUG_INFO = YES;
				ONLY_ACTIVE_ARCH = YES;
				SDKROOT = iphoneos;
				SWIFT_OPTIMIZATION_LEVEL = "-Onone";
				TARGETED_DEVICE_FAMILY = "1,2";
			};
			name = Debug;
		};
		2E0860EB1D33374F00F57937 /* Release */ = {
			isa = XCBuildConfiguration;
			buildSettings = {
				ALWAYS_SEARCH_USER_PATHS = NO;
				CLANG_ANALYZER_NONNULL = YES;
				CLANG_CXX_LANGUAGE_STANDARD = "gnu++0x";
				CLANG_CXX_LIBRARY = "libc++";
				CLANG_ENABLE_MODULES = YES;
				CLANG_ENABLE_OBJC_ARC = YES;
				CLANG_WARN_BOOL_CONVERSION = YES;
				CLANG_WARN_CONSTANT_CONVERSION = YES;
				CLANG_WARN_DIRECT_OBJC_ISA_USAGE = YES_ERROR;
				CLANG_WARN_EMPTY_BODY = YES;
				CLANG_WARN_ENUM_CONVERSION = YES;
				CLANG_WARN_INT_CONVERSION = YES;
				CLANG_WARN_OBJC_ROOT_CLASS = YES_ERROR;
				CLANG_WARN_UNREACHABLE_CODE = YES;
				CLANG_WARN__DUPLICATE_METHOD_MATCH = YES;
				"CODE_SIGN_IDENTITY[sdk=iphoneos*]" = "iPhone Developer";
				COPY_PHASE_STRIP = NO;
				DEBUG_INFORMATION_FORMAT = "dwarf-with-dsym";
				ENABLE_NS_ASSERTIONS = NO;
				ENABLE_STRICT_OBJC_MSGSEND = YES;
				GCC_C_LANGUAGE_STANDARD = gnu99;
				GCC_NO_COMMON_BLOCKS = YES;
				GCC_WARN_64_TO_32_BIT_CONVERSION = YES;
				GCC_WARN_ABOUT_RETURN_TYPE = YES_ERROR;
				GCC_WARN_UNDECLARED_SELECTOR = YES;
				GCC_WARN_UNINITIALIZED_AUTOS = YES_AGGRESSIVE;
				GCC_WARN_UNUSED_FUNCTION = YES;
				GCC_WARN_UNUSED_VARIABLE = YES;
				IPHONEOS_DEPLOYMENT_TARGET = 9.3;
				MTL_ENABLE_DEBUG_INFO = NO;
				SDKROOT = iphoneos;
				TARGETED_DEVICE_FAMILY = "1,2";
				VALIDATE_PRODUCT = YES;
			};
			name = Release;
		};
		2E0860ED1D33374F00F57937 /* Debug */ = {
			isa = XCBuildConfiguration;
			buildSettings = {
				ASSETCATALOG_COMPILER_APPICON_NAME = AppIcon;
				CODE_SIGN_IDENTITY = "iPhone Developer";
				"CODE_SIGN_IDENTITY[sdk=iphoneos*]" = "iPhone Developer";
				INFOPLIST_FILE = Lazy/Info.plist;
				LD_RUNPATH_SEARCH_PATHS = "$(inherited) @executable_path/Frameworks";
				PRODUCT_BUNDLE_IDENTIFIER = com.huanxin.Lazy1;
				PRODUCT_NAME = "$(TARGET_NAME)";
				PROVISIONING_PROFILE = "";
			};
			name = Debug;
		};
		2E0860EE1D33374F00F57937 /* Release */ = {
			isa = XCBuildConfiguration;
			buildSettings = {
				ASSETCATALOG_COMPILER_APPICON_NAME = AppIcon;
				CODE_SIGN_IDENTITY = "iPhone Developer";
				"CODE_SIGN_IDENTITY[sdk=iphoneos*]" = "iPhone Developer";
				INFOPLIST_FILE = Lazy/Info.plist;
				LD_RUNPATH_SEARCH_PATHS = "$(inherited) @executable_path/Frameworks";
				PRODUCT_BUNDLE_IDENTIFIER = com.huanxin.Lazy1;
				PRODUCT_NAME = "$(TARGET_NAME)";
				PROVISIONING_PROFILE = "";
			};
			name = Release;
		};
/* End XCBuildConfiguration section */

/* Begin XCConfigurationList section */
		2E0860D51D33374F00F57937 /* Build configuration list for PBXProject "Lazy" */ = {
			isa = XCConfigurationList;
			buildConfigurations = (
				2E0860EA1D33374F00F57937 /* Debug */,
				2E0860EB1D33374F00F57937 /* Release */,
			);
			defaultConfigurationIsVisible = 0;
			defaultConfigurationName = Release;
		};
		2E0860EC1D33374F00F57937 /* Build configuration list for PBXNativeTarget "Lazy" */ = {
			isa = XCConfigurationList;
			buildConfigurations = (
				2E0860ED1D33374F00F57937 /* Debug */,
				2E0860EE1D33374F00F57937 /* Release */,
			);
			defaultConfigurationIsVisible = 0;
		};
/* End XCConfigurationList section */
	};
	rootObject = 2E0860D21D33374F00F57937 /* Project object */;
}
